
Microsoft Visual Studio Solution File, Format Version 12.00
# Visual Studio Version 17
Project("{8BC9CEB8-8B4A-11D0-8D11-00A0C91BC942}") = "DessertGameEngine", "DessertGameEngine\DessertGameEngine.vcxproj", "{CF71AFAD-3B88-AD43-84FF-3865F0547ECB}"
EndProject
Project("{8BC9CEB8-8B4A-11D0-8D11-00A0C91BC942}") = "Sandbox", "Sandbox\Sandbox.vcxproj", "{F4C124E3-60A1-A37E-69B9-2E55D5170AE0}"
EndProject
Global
	GlobalSection(SolutionConfigurationPlatforms) = preSolution
		Debug|x64 = Debug|x64
		Dist|x64 = Dist|x64
		Release|x64 = Release|x64
	EndGlobalSection
	GlobalSection(ProjectConfigurationPlatforms) = postSolution
		{CF71AFAD-3B88-AD43-84FF-3865F0547ECB}.Debug|x64.ActiveCfg = Debug|x64
		{CF71AFAD-3B88-AD43-84FF-3865F0547ECB}.Debug|x64.Build.0 = Debug|x64
		{CF71AFAD-3B88-AD43-84FF-3865F0547ECB}.Dist|x64.ActiveCfg = Dist|x64
		{CF71AFAD-3B88-AD43-84FF-3865F0547ECB}.Dist|x64.Build.0 = Dist|x64
		{CF71AFAD-3B88-AD43-84FF-3865F0547ECB}.Release|x64.ActiveCfg = Release|x64
		{CF71AFAD-3B88-AD43-84FF-3865F0547ECB}.Release|x64.Build.0 = Release|x64
		{F4C124E3-60A1-A37E-69B9-2E55D5170AE0}.Debug|x64.ActiveCfg = Debug|x64
		{F4C124E3-60A1-A37E-69B9-2E55D5170AE0}.Debug|x64.Build.0 = Debug|x64
		{F4C124E3-60A1-A37E-69B9-2E55D5170AE0}.Dist|x64.ActiveCfg = Dist|x64
		{F4C124E3-60A1-A37E-69B9-2E55D5170AE0}.Dist|x64.Build.0 = Dist|x64
		{F4C124E3-60A1-A37E-69B9-2E55D5170AE0}.Release|x64.ActiveCfg = Release|x64
		{F4C124E3-60A1-A37E-69B9-2E55D5170AE0}.Release|x64.Build.0 = Release|x64
	EndGlobalSection
	GlobalSection(SolutionProperties) = preSolution
		HideSolutionNode = FALSE
	EndGlobalSection
EndGlobal
