
Microsoft Visual Studio Solution File, Format Version 12.00
# Visual Studio Version 17
VisualStudioVersion = 17.5.33516.290
MinimumVisualStudioVersion = 10.0.40219.1
Project("{8BC9CEB8-8B4A-11D0-8D11-00A0C91BC942}") = "Sandbox", "Sandbox\Sandbox.vcxproj", "{4DD50D44-BA55-44A6-83B9-9D8247EB33BA}"
EndProject
Project("{8BC9CEB8-8B4A-11D0-8D11-00A0C91BC942}") = "DessertGameEngine", "DessertGameEngine\DessertGameEngine.vcxproj", "{26AF730E-4C2C-47F8-BF5E-071D222B866B}"
EndProject
Global
	GlobalSection(SolutionConfigurationPlatforms) = preSolution
		Debug|x64 = Debug|x64
		Release|x64 = Release|x64
	EndGlobalSection
	GlobalSection(ProjectConfigurationPlatforms) = postSolution
		{26AF730E-4C2C-47F8-BF5E-071D222B866B}.Debug|x64.ActiveCfg = Debug|x64
		{26AF730E-4C2C-47F8-BF5E-071D222B866B}.Debug|x64.Build.0 = Debug|x64
		{26AF730E-4C2C-47F8-BF5E-071D222B866B}.Release|x64.ActiveCfg = Release|x64
		{26AF730E-4C2C-47F8-BF5E-071D222B866B}.Release|x64.Build.0 = Release|x64
		{4DD50D44-BA55-44A6-83B9-9D8247EB33BA}.Debug|x64.ActiveCfg = Debug|x64
		{4DD50D44-BA55-44A6-83B9-9D8247EB33BA}.Debug|x64.Build.0 = Debug|x64
		{4DD50D44-BA55-44A6-83B9-9D8247EB33BA}.Release|x64.ActiveCfg = Release|x64
		{4DD50D44-BA55-44A6-83B9-9D8247EB33BA}.Release|x64.Build.0 = Release|x64
	EndGlobalSection
	GlobalSection(SolutionProperties) = preSolution
		HideSolutionNode = FALSE
	EndGlobalSection
	GlobalSection(ExtensibilityGlobals) = postSolution
		SolutionGuid = {AB2DDC56-857A-4B35-BF62-47C4FB9E2DBC}
	EndGlobalSection
EndGlobal
